
Microsoft Visual Studio Solution File, Format Version 12.00
# Visual Studio Version 17
VisualStudioVersion = 17.6.33829.357
MinimumVisualStudioVersion = 10.0.40219.1
Project("{9A19103F-16F7-4668-BE54-9A1E7A4F7556}") = "Ecommerce_Angular_DotNetAPI", "Ecommerce_Angular_DotNetAPI\Ecommerce_Angular_DotNetAPI.csproj", "{C77F27A0-337D-4CCC-8A32-36B3C6133B88}"
EndProject
Project("{FAE04EC0-301F-11D3-BF4B-00C04F79EFBC}") = "Core", "Core\Core.csproj", "{3D626FE0-ED35-4472-899D-37C5F9E3955F}"
EndProject
Project("{FAE04EC0-301F-11D3-BF4B-00C04F79EFBC}") = "Infrastructure", "Infrastructure\Infrastructure.csproj", "{8DEDC7E6-5143-471F-ABDE-1077A65B46D8}"
EndProject
Global
	GlobalSection(SolutionConfigurationPlatforms) = preSolution
		Debug|Any CPU = Debug|Any CPU
		Release|Any CPU = Release|Any CPU
	EndGlobalSection
	GlobalSection(ProjectConfigurationPlatforms) = postSolution
		{C77F27A0-337D-4CCC-8A32-36B3C6133B88}.Debug|Any CPU.ActiveCfg = Debug|Any CPU
		{C77F27A0-337D-4CCC-8A32-36B3C6133B88}.Debug|Any CPU.Build.0 = Debug|Any CPU
		{C77F27A0-337D-4CCC-8A32-36B3C6133B88}.Release|Any CPU.ActiveCfg = Release|Any CPU
		{C77F27A0-337D-4CCC-8A32-36B3C6133B88}.Release|Any CPU.Build.0 = Release|Any CPU
		{3D626FE0-ED35-4472-899D-37C5F9E3955F}.Debug|Any CPU.ActiveCfg = Debug|Any CPU
		{3D626FE0-ED35-4472-899D-37C5F9E3955F}.Debug|Any CPU.Build.0 = Debug|Any CPU
		{3D626FE0-ED35-4472-899D-37C5F9E3955F}.Release|Any CPU.ActiveCfg = Release|Any CPU
		{3D626FE0-ED35-4472-899D-37C5F9E3955F}.Release|Any CPU.Build.0 = Release|Any CPU
		{8DEDC7E6-5143-471F-ABDE-1077A65B46D8}.Debug|Any CPU.ActiveCfg = Debug|Any CPU
		{8DEDC7E6-5143-471F-ABDE-1077A65B46D8}.Debug|Any CPU.Build.0 = Debug|Any CPU
		{8DEDC7E6-5143-471F-ABDE-1077A65B46D8}.Release|Any CPU.ActiveCfg = Release|Any CPU
		{8DEDC7E6-5143-471F-ABDE-1077A65B46D8}.Release|Any CPU.Build.0 = Release|Any CPU
	EndGlobalSection
	GlobalSection(SolutionProperties) = preSolution
		HideSolutionNode = FALSE
	EndGlobalSection
	GlobalSection(ExtensibilityGlobals) = postSolution
		SolutionGuid = {D12169A7-4585-4B57-A76F-2DB85FA4E94B}
	EndGlobalSection
EndGlobal
